
Microsoft Visual Studio Solution File, Format Version 12.00
# Visual Studio 15
Project("{FAE04EC0-301F-11D3-BF4B-00C04F79EFBC}") = "Unity.Timeline", "Unity.Timeline.csproj", "{2990A332-1A48-E37C-7DC7-16206F8189F2}"
EndProject
Project("{FAE04EC0-301F-11D3-BF4B-00C04F79EFBC}") = "Unity.RenderPipelines.GPUDriven.Runtime", "Unity.RenderPipelines.GPUDriven.Runtime.csproj", "{74E6F1DD-4CE3-D089-D4AF-254977BE6632}"
EndProject
Project("{FAE04EC0-301F-11D3-BF4B-00C04F79EFBC}") = "Unity.PlasticSCM.Editor", "Unity.PlasticSCM.Editor.csproj", "{FA895703-BA49-29FE-1942-4D6DDE7BE86C}"
EndProject
Project("{FAE04EC0-301F-11D3-BF4B-00C04F79EFBC}") = "Unity.2D.Aseprite.Editor", "Unity.2D.Aseprite.Editor.csproj", "{361720E9-DBE7-D296-5041-79376F11C437}"
EndProject
Project("{FAE04EC0-301F-11D3-BF4B-00C04F79EFBC}") = "Unity.ShaderGraph.Editor", "Unity.ShaderGraph.Editor.csproj", "{0CB33F5C-FF42-850C-B734-D82AAA82F4D8}"
EndProject
Project("{FAE04EC0-301F-11D3-BF4B-00C04F79EFBC}") = "Unity.RenderPipelines.Core.Runtime", "Unity.RenderPipelines.Core.Runtime.csproj", "{AC507349-C2DD-7D59-B986-12BAF1B98D7A}"
EndProject
Project("{FAE04EC0-301F-11D3-BF4B-00C04F79EFBC}") = "Unity.Mathematics", "Unity.Mathematics.csproj", "{541637F8-186C-2CE0-3160-7BC79BD3B898}"
EndProject
Project("{FAE04EC0-301F-11D3-BF4B-00C04F79EFBC}") = "Unity.Timeline.Editor", "Unity.Timeline.Editor.csproj", "{084969DF-B7A9-1F36-A33C-BC0BAF6119B2}"
EndProject
Project("{FAE04EC0-301F-11D3-BF4B-00C04F79EFBC}") = "Unity.Multiplayer.Center.Editor", "Unity.Multiplayer.Center.Editor.csproj", "{EB6B65C0-022B-7637-593C-2E3FFE6550B1}"
EndProject
Project("{FAE04EC0-301F-11D3-BF4B-00C04F79EFBC}") = "Unity.RenderPipelines.Core.Editor", "Unity.RenderPipelines.Core.Editor.csproj", "{93BA2896-6ABE-1AE0-56E7-60AD9964F79B}"
EndProject
Project("{FAE04EC0-301F-11D3-BF4B-00C04F79EFBC}") = "Unity.2D.Psdimporter.Editor", "Unity.2D.Psdimporter.Editor.csproj", "{98BDB469-76E1-29A8-1CAC-520452F69828}"
EndProject
Project("{FAE04EC0-301F-11D3-BF4B-00C04F79EFBC}") = "UnityEngine.UI", "UnityEngine.UI.csproj", "{8F184B24-0102-3A24-9DC0-E4E0F043AAC2}"
EndProject
Project("{FAE04EC0-301F-11D3-BF4B-00C04F79EFBC}") = "Unity.2D.IK.Runtime", "Unity.2D.IK.Runtime.csproj", "{89459344-FDEC-85E5-A470-F37E6EFFA0B0}"
EndProject
Project("{FAE04EC0-301F-11D3-BF4B-00C04F79EFBC}") = "Unity.RenderPipelines.Universal.2D.Runtime", "Unity.RenderPipelines.Universal.2D.Runtime.csproj", "{A51F81F3-3E6E-9A75-90CC-56D07DDFF08F}"
EndProject
Project("{FAE04EC0-301F-11D3-BF4B-00C04F79EFBC}") = "Unity.Collections", "Unity.Collections.csproj", "{BF0C5088-1007-BB43-AC69-5DAFB6F41F19}"
EndProject
Project("{FAE04EC0-301F-11D3-BF4B-00C04F79EFBC}") = "Unity.VisualScripting.Core.Editor", "Unity.VisualScripting.Core.Editor.csproj", "{1C4215F3-CD93-857C-C0A8-34FD274FE9FD}"
EndProject
Project("{FAE04EC0-301F-11D3-BF4B-00C04F79EFBC}") = "Unity.RenderPipelines.Universal.Editor", "Unity.RenderPipelines.Universal.Editor.csproj", "{0C7C887E-D9F9-38E7-4AA5-99065E3C4B33}"
EndProject
Project("{FAE04EC0-301F-11D3-BF4B-00C04F79EFBC}") = "Unity.PerformanceTesting.Editor", "Unity.PerformanceTesting.Editor.csproj", "{160CA603-203E-E482-067A-AA096D10148F}"
EndProject
Project("{FAE04EC0-301F-11D3-BF4B-00C04F79EFBC}") = "UnityEngine.TestRunner", "UnityEngine.TestRunner.csproj", "{B27E92D9-8F5E-2F31-3A21-651B6FF3B480}"
EndProject
Project("{FAE04EC0-301F-11D3-BF4B-00C04F79EFBC}") = "Unity.2D.Tilemap.Editor", "Unity.2D.Tilemap.Editor.csproj", "{6DE2356F-7E5D-643C-4877-3B2EE1BCEE2C}"
EndProject
Project("{FAE04EC0-301F-11D3-BF4B-00C04F79EFBC}") = "Unity.Burst", "Unity.Burst.csproj", "{F0440294-6F44-F319-3426-8774D4AF8653}"
EndProject
Project("{FAE04EC0-301F-11D3-BF4B-00C04F79EFBC}") = "Unity.VisualScripting.Flow.Editor", "Unity.VisualScripting.Flow.Editor.csproj", "{625CA0E6-08A3-1A6A-3319-F0FCBEF4CF62}"
EndProject
Project("{FAE04EC0-301F-11D3-BF4B-00C04F79EFBC}") = "Unity.2D.SpriteShape.Editor", "Unity.2D.SpriteShape.Editor.csproj", "{AD45739D-9223-7ED3-55A0-F279D0103A1D}"
EndProject
Project("{FAE04EC0-301F-11D3-BF4B-00C04F79EFBC}") = "Unity.VisualStudio.Editor", "Unity.VisualStudio.Editor.csproj", "{84E05C9D-ED24-5A01-5CAC-8DCAE15721E5}"
EndProject
Project("{FAE04EC0-301F-11D3-BF4B-00C04F79EFBC}") = "Unity.InputSystem", "Unity.InputSystem.csproj", "{51B9706D-8A66-1D3F-AA38-A6821C83AEF4}"
EndProject
Project("{FAE04EC0-301F-11D3-BF4B-00C04F79EFBC}") = "PPv2URPConverters", "PPv2URPConverters.csproj", "{D9E8DCEA-DE61-103E-1B1A-735641589CCD}"
EndProject
Project("{FAE04EC0-301F-11D3-BF4B-00C04F79EFBC}") = "Unity.2D.Animation.Editor", "Unity.2D.Animation.Editor.csproj", "{6B3EA6D0-881E-C945-A521-172937D6FB4C}"
EndProject
Project("{FAE04EC0-301F-11D3-BF4B-00C04F79EFBC}") = "Unity.Searcher.Editor", "Unity.Searcher.Editor.csproj", "{3430F05A-F8DC-C8E4-1588-1C6FED48C720}"
EndProject
Project("{FAE04EC0-301F-11D3-BF4B-00C04F79EFBC}") = "Unity.2D.SpriteShape.Runtime", "Unity.2D.SpriteShape.Runtime.csproj", "{820D57EE-988F-4C19-02C1-0E4CD0A52A59}"
EndProject
Project("{FAE04EC0-301F-11D3-BF4B-00C04F79EFBC}") = "UnityEditor.TestRunner", "UnityEditor.TestRunner.csproj", "{9932F22D-885B-2B75-F28D-9EC02DF8D00D}"
EndProject
Project("{FAE04EC0-301F-11D3-BF4B-00C04F79EFBC}") = "Unity.VisualScripting.Core", "Unity.VisualScripting.Core.csproj", "{5AD6650B-F011-3ADB-78EF-A2C6774A6EE9}"
EndProject
Project("{FAE04EC0-301F-11D3-BF4B-00C04F79EFBC}") = "Unity.RenderPipelines.Universal.Runtime", "Unity.RenderPipelines.Universal.Runtime.csproj", "{74E82D94-A99F-DF75-6DE4-532B2D0A75BA}"
EndProject
Project("{FAE04EC0-301F-11D3-BF4B-00C04F79EFBC}") = "Unity.UnifiedRayTracing.Runtime", "Unity.UnifiedRayTracing.Runtime.csproj", "{1632CB04-3EEC-D1F9-2DFA-2B5C63FE1C55}"
EndProject
Project("{FAE04EC0-301F-11D3-BF4B-00C04F79EFBC}") = "Unity.VisualScripting.State.Editor", "Unity.VisualScripting.State.Editor.csproj", "{663E310C-D659-ABE9-812B-F1482F3BDAAD}"
EndProject
Project("{FAE04EC0-301F-11D3-BF4B-00C04F79EFBC}") = "Unity.Burst.CodeGen", "Unity.Burst.CodeGen.csproj", "{4B4FD836-529D-A9FE-0EA0-D99C0E43173E}"
EndProject
Project("{FAE04EC0-301F-11D3-BF4B-00C04F79EFBC}") = "Unity.VisualScripting.Flow", "Unity.VisualScripting.Flow.csproj", "{7ECB99AF-E44A-1EE4-4C6A-91F9297CDE43}"
EndProject
Project("{FAE04EC0-301F-11D3-BF4B-00C04F79EFBC}") = "Unity.PerformanceTesting", "Unity.PerformanceTesting.csproj", "{11628684-F5AB-2E56-85C4-33BA0BC4A417}"
EndProject
Project("{FAE04EC0-301F-11D3-BF4B-00C04F79EFBC}") = "Unity.2D.Tilemap.Extras.Editor", "Unity.2D.Tilemap.Extras.Editor.csproj", "{5A650AA2-A8BD-517C-313E-E24EF4C52254}"
EndProject
Project("{FAE04EC0-301F-11D3-BF4B-00C04F79EFBC}") = "Unity.TextMeshPro", "Unity.TextMeshPro.csproj", "{84F0F5E1-020B-D541-A867-4C18865969BD}"
EndProject
Project("{FAE04EC0-301F-11D3-BF4B-00C04F79EFBC}") = "Unity.TextMeshPro.Editor", "Unity.TextMeshPro.Editor.csproj", "{E8DBC05C-8DE3-3405-CEE2-CCFC1DB9A855}"
EndProject
Project("{FAE04EC0-301F-11D3-BF4B-00C04F79EFBC}") = "PsdPlugin", "PsdPlugin.csproj", "{2C5FD322-87E4-9550-CD4D-C9574DD9B042}"
EndProject
Project("{FAE04EC0-301F-11D3-BF4B-00C04F79EFBC}") = "Unity.2D.IK.Editor", "Unity.2D.IK.Editor.csproj", "{F6BF7C1F-9FE7-D634-CA5D-15F13741CDEB}"
EndProject
Project("{FAE04EC0-301F-11D3-BF4B-00C04F79EFBC}") = "Unity.InternalAPIEngineBridge.001", "Unity.InternalAPIEngineBridge.001.csproj", "{E9B30F7B-394F-26A9-0D09-8ECF00303A41}"
EndProject
Project("{FAE04EC0-301F-11D3-BF4B-00C04F79EFBC}") = "Unity.Burst.Editor", "Unity.Burst.Editor.csproj", "{8A91CBCA-94BF-D83B-354E-88E0F5D2CC29}"
EndProject
Project("{FAE04EC0-301F-11D3-BF4B-00C04F79EFBC}") = "Unity.2D.Common.Path.Editor", "Unity.2D.Common.Path.Editor.csproj", "{FFBB4966-F840-1A52-2A99-017AE6D15138}"
EndProject
Project("{FAE04EC0-301F-11D3-BF4B-00C04F79EFBC}") = "Unity.2D.Common.Editor", "Unity.2D.Common.Editor.csproj", "{81A6B7E7-2F52-8A0C-C20E-C8F75FC19A48}"
EndProject
Project("{FAE04EC0-301F-11D3-BF4B-00C04F79EFBC}") = "ScriptablePacker", "ScriptablePacker.csproj", "{CF5740CA-A56A-4705-AF88-41B2FBB148E9}"
EndProject
Project("{FAE04EC0-301F-11D3-BF4B-00C04F79EFBC}") = "Unity.Rider.Editor", "Unity.Rider.Editor.csproj", "{046B447C-8B08-B2CE-BF8B-E37044D9875B}"
EndProject
Project("{FAE04EC0-301F-11D3-BF4B-00C04F79EFBC}") = "Unity.2D.Tooling.Editor", "Unity.2D.Tooling.Editor.csproj", "{35E37D6A-A18A-1545-8143-FD46323D70C3}"
EndProject
Project("{FAE04EC0-301F-11D3-BF4B-00C04F79EFBC}") = "Unity.VisualScripting.State", "Unity.VisualScripting.State.csproj", "{B02F91F8-5836-1CEA-6BBA-5E3BF59356DB}"
EndProject
Project("{FAE04EC0-301F-11D3-BF4B-00C04F79EFBC}") = "Unity.InternalAPIEditorBridge.001", "Unity.InternalAPIEditorBridge.001.csproj", "{A612E3B0-0887-E4A7-91CF-DE2E026B8549}"
EndProject
Project("{FAE04EC0-301F-11D3-BF4B-00C04F79EFBC}") = "UnityEditor.UI", "UnityEditor.UI.csproj", "{EE606843-1BC6-BEAB-92F6-BC4EEFF0D402}"
EndProject
Project("{FAE04EC0-301F-11D3-BF4B-00C04F79EFBC}") = "Unity.RenderPipelines.Universal.2D.Editor.Overrides", "Unity.RenderPipelines.Universal.2D.Editor.Overrides.csproj", "{2D1444CE-6FBC-5484-7956-C6746AE59AF7}"
EndProject
Project("{FAE04EC0-301F-11D3-BF4B-00C04F79EFBC}") = "Unity.2D.Sprite.Editor", "Unity.2D.Sprite.Editor.csproj", "{FC13851D-269A-F6FC-C936-8F649D4C2AC4}"
EndProject
Project("{FAE04EC0-301F-11D3-BF4B-00C04F79EFBC}") = "Unity.Multiplayer.Center.Common", "Unity.Multiplayer.Center.Common.csproj", "{13A73EF9-A928-7799-BEC7-93713FBA6A76}"
EndProject
Project("{FAE04EC0-301F-11D3-BF4B-00C04F79EFBC}") = "Unity.InputSystem.ForUI", "Unity.InputSystem.ForUI.csproj", "{26B3FD3A-96BA-56B9-02D9-77DBFBA2C83D}"
EndProject
Project("{FAE04EC0-301F-11D3-BF4B-00C04F79EFBC}") = "Unity.Collections.CodeGen", "Unity.Collections.CodeGen.csproj", "{E1557587-D5B3-8CF0-B713-2D32EFBC7504}"
EndProject
Project("{FAE04EC0-301F-11D3-BF4B-00C04F79EFBC}") = "Unity.2D.Tilemap.Extras", "Unity.2D.Tilemap.Extras.csproj", "{8BE158DC-B84B-10DA-4C87-3AF14844988E}"
EndProject
Project("{FAE04EC0-301F-11D3-BF4B-00C04F79EFBC}") = "Unity.2D.Animation.Runtime", "Unity.2D.Animation.Runtime.csproj", "{54D23599-3640-52ED-85C5-7AF5AB216585}"
EndProject
Project("{FAE04EC0-301F-11D3-BF4B-00C04F79EFBC}") = "Unity.Mathematics.Editor", "Unity.Mathematics.Editor.csproj", "{F5FB3ACD-BF3E-3854-68BE-C87E4405BD65}"
EndProject
Project("{FAE04EC0-301F-11D3-BF4B-00C04F79EFBC}") = "Unity.VisualScripting.SettingsProvider.Editor", "Unity.VisualScripting.SettingsProvider.Editor.csproj", "{4E966FF4-0654-CD77-3F9C-7FED458E9874}"
EndProject
Project("{FAE04EC0-301F-11D3-BF4B-00C04F79EFBC}") = "UnityEditor.UI.Analytics", "UnityEditor.UI.Analytics.csproj", "{3D4BDBE6-B4CB-3A12-3C2B-4D4FA3974465}"
EndProject
Project("{FAE04EC0-301F-11D3-BF4B-00C04F79EFBC}") = "Unity.2D.Common.Runtime", "Unity.2D.Common.Runtime.csproj", "{13455994-2E54-90B3-EF5B-2FEB2DAD34BB}"
EndProject
Project("{FAE04EC0-301F-11D3-BF4B-00C04F79EFBC}") = "Unity.InputSystem.TestFramework", "Unity.InputSystem.TestFramework.csproj", "{B1FAFFDF-5718-9424-148D-1F039DA730C5}"
EndProject
Project("{FAE04EC0-301F-11D3-BF4B-00C04F79EFBC}") = "Unity.ShaderGraph.Utilities", "Unity.ShaderGraph.Utilities.csproj", "{7654E5A0-A95E-C888-B454-7F0FBB5F8E00}"
EndProject
Project("{FAE04EC0-301F-11D3-BF4B-00C04F79EFBC}") = "Unity.VisualScripting.Shared.Editor", "Unity.VisualScripting.Shared.Editor.csproj", "{A92F48D8-1E97-04FA-295C-C3789ED0603E}"
EndProject
Project("{FAE04EC0-301F-11D3-BF4B-00C04F79EFBC}") = "Unity.2D.Aseprite.Common", "Unity.2D.Aseprite.Common.csproj", "{132377CE-35CE-D0CC-36DC-ED765A89102A}"
EndProject
Project("{FAE04EC0-301F-11D3-BF4B-00C04F79EFBC}") = "Unity.CollabProxy.Editor", "Unity.CollabProxy.Editor.csproj", "{EC79E165-3D73-C0E1-DAE5-A56946DB8CC5}"
EndProject
Project("{FAE04EC0-301F-11D3-BF4B-00C04F79EFBC}") = "Unity.RenderPipeline.Universal.ShaderLibrary", "Unity.RenderPipeline.Universal.ShaderLibrary.csproj", "{B09492AA-2025-7290-6C2C-70918DBA6A2B}"
EndProject
Project("{FAE04EC0-301F-11D3-BF4B-00C04F79EFBC}") = "Unity.InputSystem.DocCodeSamples", "Unity.InputSystem.DocCodeSamples.csproj", "{D3D7D0CA-A089-75EC-54C8-4BD9263DCBAE}"
EndProject
Project("{FAE04EC0-301F-11D3-BF4B-00C04F79EFBC}") = "Unity.RenderPipelines.Universal.Shaders", "Unity.RenderPipelines.Universal.Shaders.csproj", "{20535AB0-DBE0-EFCB-0914-809FFE650708}"
EndProject
Project("{FAE04EC0-301F-11D3-BF4B-00C04F79EFBC}") = "Unity.RenderPipelines.Core.Runtime.Shared", "Unity.RenderPipelines.Core.Runtime.Shared.csproj", "{646CE5A4-C0BD-2C2B-CECF-3496055BEC33}"
EndProject
Project("{FAE04EC0-301F-11D3-BF4B-00C04F79EFBC}") = "Unity.InternalAPIEngineBridge.004", "Unity.InternalAPIEngineBridge.004.csproj", "{1EBE40F1-3AD8-2157-C630-6BD01CE60602}"
EndProject
Project("{FAE04EC0-301F-11D3-BF4B-00C04F79EFBC}") = "Unity.RenderPipelines.Core.Editor.Shared", "Unity.RenderPipelines.Core.Editor.Shared.csproj", "{74E4A932-F3B6-1E38-4669-78106DBCD33C}"
EndProject
Project("{FAE04EC0-301F-11D3-BF4B-00C04F79EFBC}") = "Unity.VisualScripting.DocCodeExamples", "Unity.VisualScripting.DocCodeExamples.csproj", "{119814F4-C70E-D248-B17D-0268AE813776}"
EndProject
Project("{FAE04EC0-301F-11D3-BF4B-00C04F79EFBC}") = "Assembly-CSharp", "Assembly-CSharp.csproj", "{DE709ABD-C64D-CEB4-5F0A-7926382C9BB1}"
EndProject
Project("{FAE04EC0-301F-11D3-BF4B-00C04F79EFBC}") = "Unity.PlasticSCM.Editor.Entities", "Unity.PlasticSCM.Editor.Entities.csproj", "{263F91F7-3E82-30E6-6EC4-6B153C8A50D7}"
EndProject
Project("{FAE04EC0-301F-11D3-BF4B-00C04F79EFBC}") = "Unity.Rendering.LightTransport.Editor", "Unity.Rendering.LightTransport.Editor.csproj", "{D50EE835-B2DC-EEA3-7F17-3661991C2AAD}"
EndProject
Project("{FAE04EC0-301F-11D3-BF4B-00C04F79EFBC}") = "Unity.Collections.Editor", "Unity.Collections.Editor.csproj", "{6CF42153-3BC9-389E-5259-D995092806FA}"
EndProject
Project("{FAE04EC0-301F-11D3-BF4B-00C04F79EFBC}") = "Unity.RenderPipelines.Universal.Config.Runtime", "Unity.RenderPipelines.Universal.Config.Runtime.csproj", "{B7316446-0418-6060-40C4-1F987705B642}"
EndProject
Project("{FAE04EC0-301F-11D3-BF4B-00C04F79EFBC}") = "Unity.RenderPipelines.ShaderGraph.ShaderGraphLibrary", "Unity.RenderPipelines.ShaderGraph.ShaderGraphLibrary.csproj", "{57DA316E-4074-7D20-0444-A80670CE2D60}"
EndProject
Project("{FAE04EC0-301F-11D3-BF4B-00C04F79EFBC}") = "Unity.RenderPipelines.Core.ShaderLibrary", "Unity.RenderPipelines.Core.ShaderLibrary.csproj", "{B0CEA3AD-5BF4-81AC-4986-2FB371847576}"
EndProject
Project("{FAE04EC0-301F-11D3-BF4B-00C04F79EFBC}") = "Unity.Timeline", "Unity.Timeline.Player.csproj", "{2CFA80A5-8746-70B0-F1B4-319A7B1AE911}"
EndProject
Project("{FAE04EC0-301F-11D3-BF4B-00C04F79EFBC}") = "Unity.RenderPipelines.GPUDriven.Runtime", "Unity.RenderPipelines.GPUDriven.Runtime.Player.csproj", "{90F688D5-9E47-380B-CC56-D187F012DA53}"
EndProject
Project("{FAE04EC0-301F-11D3-BF4B-00C04F79EFBC}") = "Unity.RenderPipelines.Core.Runtime", "Unity.RenderPipelines.Core.Runtime.Player.csproj", "{7DF4C40E-D274-D36C-EE5A-1A4D178C8A26}"
EndProject
Project("{FAE04EC0-301F-11D3-BF4B-00C04F79EFBC}") = "Unity.Mathematics", "Unity.Mathematics.Player.csproj", "{3436F86E-AEA2-5666-0000-0B1012FF17BB}"
EndProject
Project("{FAE04EC0-301F-11D3-BF4B-00C04F79EFBC}") = "UnityEngine.UI", "UnityEngine.UI.Player.csproj", "{8BF0FA59-9404-6B69-15EE-C3781A7E8D31}"
EndProject
Project("{FAE04EC0-301F-11D3-BF4B-00C04F79EFBC}") = "Unity.2D.IK.Runtime", "Unity.2D.IK.Runtime.Player.csproj", "{14F93185-256C-C7DD-8C82-4D78E82CE5A6}"
EndProject
Project("{FAE04EC0-301F-11D3-BF4B-00C04F79EFBC}") = "Unity.RenderPipelines.Universal.2D.Runtime", "Unity.RenderPipelines.Universal.2D.Runtime.Player.csproj", "{B0E2B79F-588F-839B-C955-CB397A09E885}"
EndProject
Project("{FAE04EC0-301F-11D3-BF4B-00C04F79EFBC}") = "Unity.Collections", "Unity.Collections.Player.csproj", "{4F8FD509-0615-8C7C-B662-F85B29F53FCD}"
EndProject
Project("{FAE04EC0-301F-11D3-BF4B-00C04F79EFBC}") = "UnityEngine.TestRunner", "UnityEngine.TestRunner.Player.csproj", "{6CB7497D-6854-A7F7-A4B8-1A7331562C58}"
EndProject
Project("{FAE04EC0-301F-11D3-BF4B-00C04F79EFBC}") = "Unity.Burst", "Unity.Burst.Player.csproj", "{81BAF42C-B28B-2DAF-7743-4AA20FB4C879}"
EndProject
Project("{FAE04EC0-301F-11D3-BF4B-00C04F79EFBC}") = "Unity.InputSystem", "Unity.InputSystem.Player.csproj", "{764F489A-B6C1-25F0-70C1-596AF1B60E1A}"
EndProject
Project("{FAE04EC0-301F-11D3-BF4B-00C04F79EFBC}") = "Unity.2D.SpriteShape.Runtime", "Unity.2D.SpriteShape.Runtime.Player.csproj", "{BE760B5A-9F43-5086-2E27-765E0C974F2B}"
EndProject
Project("{FAE04EC0-301F-11D3-BF4B-00C04F79EFBC}") = "Unity.VisualScripting.Core", "Unity.VisualScripting.Core.Player.csproj", "{194CD0EB-0369-7E71-41F7-E7D883C56FA2}"
EndProject
Project("{FAE04EC0-301F-11D3-BF4B-00C04F79EFBC}") = "Unity.RenderPipelines.Universal.Runtime", "Unity.RenderPipelines.Universal.Runtime.Player.csproj", "{F4D9E905-79EB-BBE6-C5EF-6F1A3AF056F0}"
EndProject
Project("{FAE04EC0-301F-11D3-BF4B-00C04F79EFBC}") = "Unity.UnifiedRayTracing.Runtime", "Unity.UnifiedRayTracing.Runtime.Player.csproj", "{448A203B-591F-025D-B277-16CA0C4BCDD9}"
EndProject
Project("{FAE04EC0-301F-11D3-BF4B-00C04F79EFBC}") = "Unity.VisualScripting.Flow", "Unity.VisualScripting.Flow.Player.csproj", "{BB37AEA6-A58E-CC4C-D34F-7CB316C62052}"
EndProject
Project("{FAE04EC0-301F-11D3-BF4B-00C04F79EFBC}") = "Unity.PerformanceTesting", "Unity.PerformanceTesting.Player.csproj", "{F5C81892-91CC-92E6-EC3E-24DD4CF34C7F}"
EndProject
Project("{FAE04EC0-301F-11D3-BF4B-00C04F79EFBC}") = "Unity.TextMeshPro", "Unity.TextMeshPro.Player.csproj", "{4D31ACFB-27A1-9037-7776-C6E85837FCBB}"
EndProject
Project("{FAE04EC0-301F-11D3-BF4B-00C04F79EFBC}") = "Unity.InternalAPIEngineBridge.001", "Unity.InternalAPIEngineBridge.001.Player.csproj", "{593AE849-12D0-74B8-3AF3-48B9771B6F44}"
EndProject
Project("{FAE04EC0-301F-11D3-BF4B-00C04F79EFBC}") = "Unity.VisualScripting.State", "Unity.VisualScripting.State.Player.csproj", "{EFF59558-29E3-D21B-142E-20D0CE558467}"
EndProject
Project("{FAE04EC0-301F-11D3-BF4B-00C04F79EFBC}") = "Unity.Multiplayer.Center.Common", "Unity.Multiplayer.Center.Common.Player.csproj", "{A0C8FCBF-2D5C-27CD-7F57-805A498B7CC1}"
EndProject
Project("{FAE04EC0-301F-11D3-BF4B-00C04F79EFBC}") = "Unity.InputSystem.ForUI", "Unity.InputSystem.ForUI.Player.csproj", "{F4ACCADF-D7F2-D1C5-D99E-3BFADCD1BC2B}"
EndProject
Project("{FAE04EC0-301F-11D3-BF4B-00C04F79EFBC}") = "Unity.2D.Tilemap.Extras", "Unity.2D.Tilemap.Extras.Player.csproj", "{660199C2-3C76-6DF9-8E00-955E738D7B99}"
EndProject
Project("{FAE04EC0-301F-11D3-BF4B-00C04F79EFBC}") = "Unity.2D.Animation.Runtime", "Unity.2D.Animation.Runtime.Player.csproj", "{CBACD5A5-DB3B-94DA-D537-601D6655EB92}"
EndProject
Project("{FAE04EC0-301F-11D3-BF4B-00C04F79EFBC}") = "Unity.2D.Common.Runtime", "Unity.2D.Common.Runtime.Player.csproj", "{E210F451-C450-C845-6B1D-BBD33F87416C}"
EndProject
Project("{FAE04EC0-301F-11D3-BF4B-00C04F79EFBC}") = "Unity.InputSystem.TestFramework", "Unity.InputSystem.TestFramework.Player.csproj", "{7298AB71-9025-457D-3E86-132D0D0FF676}"
EndProject
Project("{FAE04EC0-301F-11D3-BF4B-00C04F79EFBC}") = "Unity.RenderPipeline.Universal.ShaderLibrary", "Unity.RenderPipeline.Universal.ShaderLibrary.Player.csproj", "{9693D61F-CADB-10CA-9E03-A75B546F6C29}"
EndProject
Project("{FAE04EC0-301F-11D3-BF4B-00C04F79EFBC}") = "Unity.RenderPipelines.Universal.Shaders", "Unity.RenderPipelines.Universal.Shaders.Player.csproj", "{8E46AD57-53B1-A929-5A69-96569DE72424}"
EndProject
Project("{FAE04EC0-301F-11D3-BF4B-00C04F79EFBC}") = "Unity.RenderPipelines.Core.Runtime.Shared", "Unity.RenderPipelines.Core.Runtime.Shared.Player.csproj", "{C5664852-BB4A-1E26-D9F3-4B82A6C6975E}"
EndProject
Project("{FAE04EC0-301F-11D3-BF4B-00C04F79EFBC}") = "Unity.InternalAPIEngineBridge.004", "Unity.InternalAPIEngineBridge.004.Player.csproj", "{1B2C68F6-203D-2470-9DA3-D8404D718775}"
EndProject
Project("{FAE04EC0-301F-11D3-BF4B-00C04F79EFBC}") = "Unity.VisualScripting.DocCodeExamples", "Unity.VisualScripting.DocCodeExamples.Player.csproj", "{4D42D5B6-A193-E8FA-6949-949010B0D856}"
EndProject
Project("{FAE04EC0-301F-11D3-BF4B-00C04F79EFBC}") = "Assembly-CSharp", "Assembly-CSharp.Player.csproj", "{2FB5DAFB-F587-FDF4-AB7F-4A90BCDEEDD5}"
EndProject
Project("{FAE04EC0-301F-11D3-BF4B-00C04F79EFBC}") = "Unity.RenderPipelines.Universal.Config.Runtime", "Unity.RenderPipelines.Universal.Config.Runtime.Player.csproj", "{5E900EFF-3F23-345D-6CF6-F705DDE63111}"
EndProject
Project("{FAE04EC0-301F-11D3-BF4B-00C04F79EFBC}") = "Unity.RenderPipelines.ShaderGraph.ShaderGraphLibrary", "Unity.RenderPipelines.ShaderGraph.ShaderGraphLibrary.Player.csproj", "{5E21205B-D06B-0C97-A7E4-8F7B3EE6FE44}"
EndProject
Project("{FAE04EC0-301F-11D3-BF4B-00C04F79EFBC}") = "Unity.RenderPipelines.Core.ShaderLibrary", "Unity.RenderPipelines.Core.ShaderLibrary.Player.csproj", "{AF6647FB-67A7-FA8D-F672-79EFD373FA41}"
EndProject
Global
	GlobalSection(SolutionConfigurationPlatforms) = preSolution
		Debug|Any CPU = Debug|Any CPU
		Release|Any CPU = Release|Any CPU
	EndGlobalSection
	GlobalSection(ProjectConfigurationPlatforms) = postSolution
		{2990A332-1A48-E37C-7DC7-16206F8189F2}.Debug|Any CPU.ActiveCfg = Debug|Any CPU
		{2990A332-1A48-E37C-7DC7-16206F8189F2}.Debug|Any CPU.Build.0 = Debug|Any CPU
		{2990A332-1A48-E37C-7DC7-16206F8189F2}.Release|Any CPU.ActiveCfg = Release|Any CPU
		{2990A332-1A48-E37C-7DC7-16206F8189F2}.Release|Any CPU.Build.0 = Release|Any CPU
		{74E6F1DD-4CE3-D089-D4AF-254977BE6632}.Debug|Any CPU.ActiveCfg = Debug|Any CPU
		{74E6F1DD-4CE3-D089-D4AF-254977BE6632}.Debug|Any CPU.Build.0 = Debug|Any CPU
		{74E6F1DD-4CE3-D089-D4AF-254977BE6632}.Release|Any CPU.ActiveCfg = Release|Any CPU
		{74E6F1DD-4CE3-D089-D4AF-254977BE6632}.Release|Any CPU.Build.0 = Release|Any CPU
		{FA895703-BA49-29FE-1942-4D6DDE7BE86C}.Debug|Any CPU.ActiveCfg = Debug|Any CPU
		{FA895703-BA49-29FE-1942-4D6DDE7BE86C}.Debug|Any CPU.Build.0 = Debug|Any CPU
		{FA895703-BA49-29FE-1942-4D6DDE7BE86C}.Release|Any CPU.ActiveCfg = Release|Any CPU
		{FA895703-BA49-29FE-1942-4D6DDE7BE86C}.Release|Any CPU.Build.0 = Release|Any CPU
		{361720E9-DBE7-D296-5041-79376F11C437}.Debug|Any CPU.ActiveCfg = Debug|Any CPU
		{361720E9-DBE7-D296-5041-79376F11C437}.Debug|Any CPU.Build.0 = Debug|Any CPU
		{361720E9-DBE7-D296-5041-79376F11C437}.Release|Any CPU.ActiveCfg = Release|Any CPU
		{361720E9-DBE7-D296-5041-79376F11C437}.Release|Any CPU.Build.0 = Release|Any CPU
		{0CB33F5C-FF42-850C-B734-D82AAA82F4D8}.Debug|Any CPU.ActiveCfg = Debug|Any CPU
		{0CB33F5C-FF42-850C-B734-D82AAA82F4D8}.Debug|Any CPU.Build.0 = Debug|Any CPU
		{0CB33F5C-FF42-850C-B734-D82AAA82F4D8}.Release|Any CPU.ActiveCfg = Release|Any CPU
		{0CB33F5C-FF42-850C-B734-D82AAA82F4D8}.Release|Any CPU.Build.0 = Release|Any CPU
		{AC507349-C2DD-7D59-B986-12BAF1B98D7A}.Debug|Any CPU.ActiveCfg = Debug|Any CPU
		{AC507349-C2DD-7D59-B986-12BAF1B98D7A}.Debug|Any CPU.Build.0 = Debug|Any CPU
		{AC507349-C2DD-7D59-B986-12BAF1B98D7A}.Release|Any CPU.ActiveCfg = Release|Any CPU
		{AC507349-C2DD-7D59-B986-12BAF1B98D7A}.Release|Any CPU.Build.0 = Release|Any CPU
		{541637F8-186C-2CE0-3160-7BC79BD3B898}.Debug|Any CPU.ActiveCfg = Debug|Any CPU
		{541637F8-186C-2CE0-3160-7BC79BD3B898}.Debug|Any CPU.Build.0 = Debug|Any CPU
		{541637F8-186C-2CE0-3160-7BC79BD3B898}.Release|Any CPU.ActiveCfg = Release|Any CPU
		{541637F8-186C-2CE0-3160-7BC79BD3B898}.Release|Any CPU.Build.0 = Release|Any CPU
		{084969DF-B7A9-1F36-A33C-BC0BAF6119B2}.Debug|Any CPU.ActiveCfg = Debug|Any CPU
		{084969DF-B7A9-1F36-A33C-BC0BAF6119B2}.Debug|Any CPU.Build.0 = Debug|Any CPU
		{084969DF-B7A9-1F36-A33C-BC0BAF6119B2}.Release|Any CPU.ActiveCfg = Release|Any CPU
		{084969DF-B7A9-1F36-A33C-BC0BAF6119B2}.Release|Any CPU.Build.0 = Release|Any CPU
		{EB6B65C0-022B-7637-593C-2E3FFE6550B1}.Debug|Any CPU.ActiveCfg = Debug|Any CPU
		{EB6B65C0-022B-7637-593C-2E3FFE6550B1}.Debug|Any CPU.Build.0 = Debug|Any CPU
		{EB6B65C0-022B-7637-593C-2E3FFE6550B1}.Release|Any CPU.ActiveCfg = Release|Any CPU
		{EB6B65C0-022B-7637-593C-2E3FFE6550B1}.Release|Any CPU.Build.0 = Release|Any CPU
		{93BA2896-6ABE-1AE0-56E7-60AD9964F79B}.Debug|Any CPU.ActiveCfg = Debug|Any CPU
		{93BA2896-6ABE-1AE0-56E7-60AD9964F79B}.Debug|Any CPU.Build.0 = Debug|Any CPU
		{93BA2896-6ABE-1AE0-56E7-60AD9964F79B}.Release|Any CPU.ActiveCfg = Release|Any CPU
		{93BA2896-6ABE-1AE0-56E7-60AD9964F79B}.Release|Any CPU.Build.0 = Release|Any CPU
		{98BDB469-76E1-29A8-1CAC-520452F69828}.Debug|Any CPU.ActiveCfg = Debug|Any CPU
		{98BDB469-76E1-29A8-1CAC-520452F69828}.Debug|Any CPU.Build.0 = Debug|Any CPU
		{98BDB469-76E1-29A8-1CAC-520452F69828}.Release|Any CPU.ActiveCfg = Release|Any CPU
		{98BDB469-76E1-29A8-1CAC-520452F69828}.Release|Any CPU.Build.0 = Release|Any CPU
		{8F184B24-0102-3A24-9DC0-E4E0F043AAC2}.Debug|Any CPU.ActiveCfg = Debug|Any CPU
		{8F184B24-0102-3A24-9DC0-E4E0F043AAC2}.Debug|Any CPU.Build.0 = Debug|Any CPU
		{8F184B24-0102-3A24-9DC0-E4E0F043AAC2}.Release|Any CPU.ActiveCfg = Release|Any CPU
		{8F184B24-0102-3A24-9DC0-E4E0F043AAC2}.Release|Any CPU.Build.0 = Release|Any CPU
		{89459344-FDEC-85E5-A470-F37E6EFFA0B0}.Debug|Any CPU.ActiveCfg = Debug|Any CPU
		{89459344-FDEC-85E5-A470-F37E6EFFA0B0}.Debug|Any CPU.Build.0 = Debug|Any CPU
		{89459344-FDEC-85E5-A470-F37E6EFFA0B0}.Release|Any CPU.ActiveCfg = Release|Any CPU
		{89459344-FDEC-85E5-A470-F37E6EFFA0B0}.Release|Any CPU.Build.0 = Release|Any CPU
		{A51F81F3-3E6E-9A75-90CC-56D07DDFF08F}.Debug|Any CPU.ActiveCfg = Debug|Any CPU
		{A51F81F3-3E6E-9A75-90CC-56D07DDFF08F}.Debug|Any CPU.Build.0 = Debug|Any CPU
		{A51F81F3-3E6E-9A75-90CC-56D07DDFF08F}.Release|Any CPU.ActiveCfg = Release|Any CPU
		{A51F81F3-3E6E-9A75-90CC-56D07DDFF08F}.Release|Any CPU.Build.0 = Release|Any CPU
		{BF0C5088-1007-BB43-AC69-5DAFB6F41F19}.Debug|Any CPU.ActiveCfg = Debug|Any CPU
		{BF0C5088-1007-BB43-AC69-5DAFB6F41F19}.Debug|Any CPU.Build.0 = Debug|Any CPU
		{BF0C5088-1007-BB43-AC69-5DAFB6F41F19}.Release|Any CPU.ActiveCfg = Release|Any CPU
		{BF0C5088-1007-BB43-AC69-5DAFB6F41F19}.Release|Any CPU.Build.0 = Release|Any CPU
		{1C4215F3-CD93-857C-C0A8-34FD274FE9FD}.Debug|Any CPU.ActiveCfg = Debug|Any CPU
		{1C4215F3-CD93-857C-C0A8-34FD274FE9FD}.Debug|Any CPU.Build.0 = Debug|Any CPU
		{1C4215F3-CD93-857C-C0A8-34FD274FE9FD}.Release|Any CPU.ActiveCfg = Release|Any CPU
		{1C4215F3-CD93-857C-C0A8-34FD274FE9FD}.Release|Any CPU.Build.0 = Release|Any CPU
		{0C7C887E-D9F9-38E7-4AA5-99065E3C4B33}.Debug|Any CPU.ActiveCfg = Debug|Any CPU
		{0C7C887E-D9F9-38E7-4AA5-99065E3C4B33}.Debug|Any CPU.Build.0 = Debug|Any CPU
		{0C7C887E-D9F9-38E7-4AA5-99065E3C4B33}.Release|Any CPU.ActiveCfg = Release|Any CPU
		{0C7C887E-D9F9-38E7-4AA5-99065E3C4B33}.Release|Any CPU.Build.0 = Release|Any CPU
		{160CA603-203E-E482-067A-AA096D10148F}.Debug|Any CPU.ActiveCfg = Debug|Any CPU
		{160CA603-203E-E482-067A-AA096D10148F}.Debug|Any CPU.Build.0 = Debug|Any CPU
		{160CA603-203E-E482-067A-AA096D10148F}.Release|Any CPU.ActiveCfg = Release|Any CPU
		{160CA603-203E-E482-067A-AA096D10148F}.Release|Any CPU.Build.0 = Release|Any CPU
		{B27E92D9-8F5E-2F31-3A21-651B6FF3B480}.Debug|Any CPU.ActiveCfg = Debug|Any CPU
		{B27E92D9-8F5E-2F31-3A21-651B6FF3B480}.Debug|Any CPU.Build.0 = Debug|Any CPU
		{B27E92D9-8F5E-2F31-3A21-651B6FF3B480}.Release|Any CPU.ActiveCfg = Release|Any CPU
		{B27E92D9-8F5E-2F31-3A21-651B6FF3B480}.Release|Any CPU.Build.0 = Release|Any CPU
		{6DE2356F-7E5D-643C-4877-3B2EE1BCEE2C}.Debug|Any CPU.ActiveCfg = Debug|Any CPU
		{6DE2356F-7E5D-643C-4877-3B2EE1BCEE2C}.Debug|Any CPU.Build.0 = Debug|Any CPU
		{6DE2356F-7E5D-643C-4877-3B2EE1BCEE2C}.Release|Any CPU.ActiveCfg = Release|Any CPU
		{6DE2356F-7E5D-643C-4877-3B2EE1BCEE2C}.Release|Any CPU.Build.0 = Release|Any CPU
		{F0440294-6F44-F319-3426-8774D4AF8653}.Debug|Any CPU.ActiveCfg = Debug|Any CPU
		{F0440294-6F44-F319-3426-8774D4AF8653}.Debug|Any CPU.Build.0 = Debug|Any CPU
		{F0440294-6F44-F319-3426-8774D4AF8653}.Release|Any CPU.ActiveCfg = Release|Any CPU
		{F0440294-6F44-F319-3426-8774D4AF8653}.Release|Any CPU.Build.0 = Release|Any CPU
		{625CA0E6-08A3-1A6A-3319-F0FCBEF4CF62}.Debug|Any CPU.ActiveCfg = Debug|Any CPU
		{625CA0E6-08A3-1A6A-3319-F0FCBEF4CF62}.Debug|Any CPU.Build.0 = Debug|Any CPU
		{625CA0E6-08A3-1A6A-3319-F0FCBEF4CF62}.Release|Any CPU.ActiveCfg = Release|Any CPU
		{625CA0E6-08A3-1A6A-3319-F0FCBEF4CF62}.Release|Any CPU.Build.0 = Release|Any CPU
		{AD45739D-9223-7ED3-55A0-F279D0103A1D}.Debug|Any CPU.ActiveCfg = Debug|Any CPU
		{AD45739D-9223-7ED3-55A0-F279D0103A1D}.Debug|Any CPU.Build.0 = Debug|Any CPU
		{AD45739D-9223-7ED3-55A0-F279D0103A1D}.Release|Any CPU.ActiveCfg = Release|Any CPU
		{AD45739D-9223-7ED3-55A0-F279D0103A1D}.Release|Any CPU.Build.0 = Release|Any CPU
		{84E05C9D-ED24-5A01-5CAC-8DCAE15721E5}.Debug|Any CPU.ActiveCfg = Debug|Any CPU
		{84E05C9D-ED24-5A01-5CAC-8DCAE15721E5}.Debug|Any CPU.Build.0 = Debug|Any CPU
		{84E05C9D-ED24-5A01-5CAC-8DCAE15721E5}.Release|Any CPU.ActiveCfg = Release|Any CPU
		{84E05C9D-ED24-5A01-5CAC-8DCAE15721E5}.Release|Any CPU.Build.0 = Release|Any CPU
		{51B9706D-8A66-1D3F-AA38-A6821C83AEF4}.Debug|Any CPU.ActiveCfg = Debug|Any CPU
		{51B9706D-8A66-1D3F-AA38-A6821C83AEF4}.Debug|Any CPU.Build.0 = Debug|Any CPU
		{51B9706D-8A66-1D3F-AA38-A6821C83AEF4}.Release|Any CPU.ActiveCfg = Release|Any CPU
		{51B9706D-8A66-1D3F-AA38-A6821C83AEF4}.Release|Any CPU.Build.0 = Release|Any CPU
		{D9E8DCEA-DE61-103E-1B1A-735641589CCD}.Debug|Any CPU.ActiveCfg = Debug|Any CPU
		{D9E8DCEA-DE61-103E-1B1A-735641589CCD}.Debug|Any CPU.Build.0 = Debug|Any CPU
		{D9E8DCEA-DE61-103E-1B1A-735641589CCD}.Release|Any CPU.ActiveCfg = Release|Any CPU
		{D9E8DCEA-DE61-103E-1B1A-735641589CCD}.Release|Any CPU.Build.0 = Release|Any CPU
		{6B3EA6D0-881E-C945-A521-172937D6FB4C}.Debug|Any CPU.ActiveCfg = Debug|Any CPU
		{6B3EA6D0-881E-C945-A521-172937D6FB4C}.Debug|Any CPU.Build.0 = Debug|Any CPU
		{6B3EA6D0-881E-C945-A521-172937D6FB4C}.Release|Any CPU.ActiveCfg = Release|Any CPU
		{6B3EA6D0-881E-C945-A521-172937D6FB4C}.Release|Any CPU.Build.0 = Release|Any CPU
		{3430F05A-F8DC-C8E4-1588-1C6FED48C720}.Debug|Any CPU.ActiveCfg = Debug|Any CPU
		{3430F05A-F8DC-C8E4-1588-1C6FED48C720}.Debug|Any CPU.Build.0 = Debug|Any CPU
		{3430F05A-F8DC-C8E4-1588-1C6FED48C720}.Release|Any CPU.ActiveCfg = Release|Any CPU
		{3430F05A-F8DC-C8E4-1588-1C6FED48C720}.Release|Any CPU.Build.0 = Release|Any CPU
		{820D57EE-988F-4C19-02C1-0E4CD0A52A59}.Debug|Any CPU.ActiveCfg = Debug|Any CPU
		{820D57EE-988F-4C19-02C1-0E4CD0A52A59}.Debug|Any CPU.Build.0 = Debug|Any CPU
		{820D57EE-988F-4C19-02C1-0E4CD0A52A59}.Release|Any CPU.ActiveCfg = Release|Any CPU
		{820D57EE-988F-4C19-02C1-0E4CD0A52A59}.Release|Any CPU.Build.0 = Release|Any CPU
		{9932F22D-885B-2B75-F28D-9EC02DF8D00D}.Debug|Any CPU.ActiveCfg = Debug|Any CPU
		{9932F22D-885B-2B75-F28D-9EC02DF8D00D}.Debug|Any CPU.Build.0 = Debug|Any CPU
		{9932F22D-885B-2B75-F28D-9EC02DF8D00D}.Release|Any CPU.ActiveCfg = Release|Any CPU
		{9932F22D-885B-2B75-F28D-9EC02DF8D00D}.Release|Any CPU.Build.0 = Release|Any CPU
		{5AD6650B-F011-3ADB-78EF-A2C6774A6EE9}.Debug|Any CPU.ActiveCfg = Debug|Any CPU
		{5AD6650B-F011-3ADB-78EF-A2C6774A6EE9}.Debug|Any CPU.Build.0 = Debug|Any CPU
		{5AD6650B-F011-3ADB-78EF-A2C6774A6EE9}.Release|Any CPU.ActiveCfg = Release|Any CPU
		{5AD6650B-F011-3ADB-78EF-A2C6774A6EE9}.Release|Any CPU.Build.0 = Release|Any CPU
		{74E82D94-A99F-DF75-6DE4-532B2D0A75BA}.Debug|Any CPU.ActiveCfg = Debug|Any CPU
		{74E82D94-A99F-DF75-6DE4-532B2D0A75BA}.Debug|Any CPU.Build.0 = Debug|Any CPU
		{74E82D94-A99F-DF75-6DE4-532B2D0A75BA}.Release|Any CPU.ActiveCfg = Release|Any CPU
		{74E82D94-A99F-DF75-6DE4-532B2D0A75BA}.Release|Any CPU.Build.0 = Release|Any CPU
		{1632CB04-3EEC-D1F9-2DFA-2B5C63FE1C55}.Debug|Any CPU.ActiveCfg = Debug|Any CPU
		{1632CB04-3EEC-D1F9-2DFA-2B5C63FE1C55}.Debug|Any CPU.Build.0 = Debug|Any CPU
		{1632CB04-3EEC-D1F9-2DFA-2B5C63FE1C55}.Release|Any CPU.ActiveCfg = Release|Any CPU
		{1632CB04-3EEC-D1F9-2DFA-2B5C63FE1C55}.Release|Any CPU.Build.0 = Release|Any CPU
		{663E310C-D659-ABE9-812B-F1482F3BDAAD}.Debug|Any CPU.ActiveCfg = Debug|Any CPU
		{663E310C-D659-ABE9-812B-F1482F3BDAAD}.Debug|Any CPU.Build.0 = Debug|Any CPU
		{663E310C-D659-ABE9-812B-F1482F3BDAAD}.Release|Any CPU.ActiveCfg = Release|Any CPU
		{663E310C-D659-ABE9-812B-F1482F3BDAAD}.Release|Any CPU.Build.0 = Release|Any CPU
		{4B4FD836-529D-A9FE-0EA0-D99C0E43173E}.Debug|Any CPU.ActiveCfg = Debug|Any CPU
		{4B4FD836-529D-A9FE-0EA0-D99C0E43173E}.Debug|Any CPU.Build.0 = Debug|Any CPU
		{4B4FD836-529D-A9FE-0EA0-D99C0E43173E}.Release|Any CPU.ActiveCfg = Release|Any CPU
		{4B4FD836-529D-A9FE-0EA0-D99C0E43173E}.Release|Any CPU.Build.0 = Release|Any CPU
		{7ECB99AF-E44A-1EE4-4C6A-91F9297CDE43}.Debug|Any CPU.ActiveCfg = Debug|Any CPU
		{7ECB99AF-E44A-1EE4-4C6A-91F9297CDE43}.Debug|Any CPU.Build.0 = Debug|Any CPU
		{7ECB99AF-E44A-1EE4-4C6A-91F9297CDE43}.Release|Any CPU.ActiveCfg = Release|Any CPU
		{7ECB99AF-E44A-1EE4-4C6A-91F9297CDE43}.Release|Any CPU.Build.0 = Release|Any CPU
		{11628684-F5AB-2E56-85C4-33BA0BC4A417}.Debug|Any CPU.ActiveCfg = Debug|Any CPU
		{11628684-F5AB-2E56-85C4-33BA0BC4A417}.Debug|Any CPU.Build.0 = Debug|Any CPU
		{11628684-F5AB-2E56-85C4-33BA0BC4A417}.Release|Any CPU.ActiveCfg = Release|Any CPU
		{11628684-F5AB-2E56-85C4-33BA0BC4A417}.Release|Any CPU.Build.0 = Release|Any CPU
		{5A650AA2-A8BD-517C-313E-E24EF4C52254}.Debug|Any CPU.ActiveCfg = Debug|Any CPU
		{5A650AA2-A8BD-517C-313E-E24EF4C52254}.Debug|Any CPU.Build.0 = Debug|Any CPU
		{5A650AA2-A8BD-517C-313E-E24EF4C52254}.Release|Any CPU.ActiveCfg = Release|Any CPU
		{5A650AA2-A8BD-517C-313E-E24EF4C52254}.Release|Any CPU.Build.0 = Release|Any CPU
		{84F0F5E1-020B-D541-A867-4C18865969BD}.Debug|Any CPU.ActiveCfg = Debug|Any CPU
		{84F0F5E1-020B-D541-A867-4C18865969BD}.Debug|Any CPU.Build.0 = Debug|Any CPU
		{84F0F5E1-020B-D541-A867-4C18865969BD}.Release|Any CPU.ActiveCfg = Release|Any CPU
		{84F0F5E1-020B-D541-A867-4C18865969BD}.Release|Any CPU.Build.0 = Release|Any CPU
		{E8DBC05C-8DE3-3405-CEE2-CCFC1DB9A855}.Debug|Any CPU.ActiveCfg = Debug|Any CPU
		{E8DBC05C-8DE3-3405-CEE2-CCFC1DB9A855}.Debug|Any CPU.Build.0 = Debug|Any CPU
		{E8DBC05C-8DE3-3405-CEE2-CCFC1DB9A855}.Release|Any CPU.ActiveCfg = Release|Any CPU
		{E8DBC05C-8DE3-3405-CEE2-CCFC1DB9A855}.Release|Any CPU.Build.0 = Release|Any CPU
		{2C5FD322-87E4-9550-CD4D-C9574DD9B042}.Debug|Any CPU.ActiveCfg = Debug|Any CPU
		{2C5FD322-87E4-9550-CD4D-C9574DD9B042}.Debug|Any CPU.Build.0 = Debug|Any CPU
		{2C5FD322-87E4-9550-CD4D-C9574DD9B042}.Release|Any CPU.ActiveCfg = Release|Any CPU
		{2C5FD322-87E4-9550-CD4D-C9574DD9B042}.Release|Any CPU.Build.0 = Release|Any CPU
		{F6BF7C1F-9FE7-D634-CA5D-15F13741CDEB}.Debug|Any CPU.ActiveCfg = Debug|Any CPU
		{F6BF7C1F-9FE7-D634-CA5D-15F13741CDEB}.Debug|Any CPU.Build.0 = Debug|Any CPU
		{F6BF7C1F-9FE7-D634-CA5D-15F13741CDEB}.Release|Any CPU.ActiveCfg = Release|Any CPU
		{F6BF7C1F-9FE7-D634-CA5D-15F13741CDEB}.Release|Any CPU.Build.0 = Release|Any CPU
		{E9B30F7B-394F-26A9-0D09-8ECF00303A41}.Debug|Any CPU.ActiveCfg = Debug|Any CPU
		{E9B30F7B-394F-26A9-0D09-8ECF00303A41}.Debug|Any CPU.Build.0 = Debug|Any CPU
		{E9B30F7B-394F-26A9-0D09-8ECF00303A41}.Release|Any CPU.ActiveCfg = Release|Any CPU
		{E9B30F7B-394F-26A9-0D09-8ECF00303A41}.Release|Any CPU.Build.0 = Release|Any CPU
		{8A91CBCA-94BF-D83B-354E-88E0F5D2CC29}.Debug|Any CPU.ActiveCfg = Debug|Any CPU
		{8A91CBCA-94BF-D83B-354E-88E0F5D2CC29}.Debug|Any CPU.Build.0 = Debug|Any CPU
		{8A91CBCA-94BF-D83B-354E-88E0F5D2CC29}.Release|Any CPU.ActiveCfg = Release|Any CPU
		{8A91CBCA-94BF-D83B-354E-88E0F5D2CC29}.Release|Any CPU.Build.0 = Release|Any CPU
		{FFBB4966-F840-1A52-2A99-017AE6D15138}.Debug|Any CPU.ActiveCfg = Debug|Any CPU
		{FFBB4966-F840-1A52-2A99-017AE6D15138}.Debug|Any CPU.Build.0 = Debug|Any CPU
		{FFBB4966-F840-1A52-2A99-017AE6D15138}.Release|Any CPU.ActiveCfg = Release|Any CPU
		{FFBB4966-F840-1A52-2A99-017AE6D15138}.Release|Any CPU.Build.0 = Release|Any CPU
		{81A6B7E7-2F52-8A0C-C20E-C8F75FC19A48}.Debug|Any CPU.ActiveCfg = Debug|Any CPU
		{81A6B7E7-2F52-8A0C-C20E-C8F75FC19A48}.Debug|Any CPU.Build.0 = Debug|Any CPU
		{81A6B7E7-2F52-8A0C-C20E-C8F75FC19A48}.Release|Any CPU.ActiveCfg = Release|Any CPU
		{81A6B7E7-2F52-8A0C-C20E-C8F75FC19A48}.Release|Any CPU.Build.0 = Release|Any CPU
		{CF5740CA-A56A-4705-AF88-41B2FBB148E9}.Debug|Any CPU.ActiveCfg = Debug|Any CPU
		{CF5740CA-A56A-4705-AF88-41B2FBB148E9}.Debug|Any CPU.Build.0 = Debug|Any CPU
		{CF5740CA-A56A-4705-AF88-41B2FBB148E9}.Release|Any CPU.ActiveCfg = Release|Any CPU
		{CF5740CA-A56A-4705-AF88-41B2FBB148E9}.Release|Any CPU.Build.0 = Release|Any CPU
		{046B447C-8B08-B2CE-BF8B-E37044D9875B}.Debug|Any CPU.ActiveCfg = Debug|Any CPU
		{046B447C-8B08-B2CE-BF8B-E37044D9875B}.Debug|Any CPU.Build.0 = Debug|Any CPU
		{046B447C-8B08-B2CE-BF8B-E37044D9875B}.Release|Any CPU.ActiveCfg = Release|Any CPU
		{046B447C-8B08-B2CE-BF8B-E37044D9875B}.Release|Any CPU.Build.0 = Release|Any CPU
		{35E37D6A-A18A-1545-8143-FD46323D70C3}.Debug|Any CPU.ActiveCfg = Debug|Any CPU
		{35E37D6A-A18A-1545-8143-FD46323D70C3}.Debug|Any CPU.Build.0 = Debug|Any CPU
		{35E37D6A-A18A-1545-8143-FD46323D70C3}.Release|Any CPU.ActiveCfg = Release|Any CPU
		{35E37D6A-A18A-1545-8143-FD46323D70C3}.Release|Any CPU.Build.0 = Release|Any CPU
		{B02F91F8-5836-1CEA-6BBA-5E3BF59356DB}.Debug|Any CPU.ActiveCfg = Debug|Any CPU
		{B02F91F8-5836-1CEA-6BBA-5E3BF59356DB}.Debug|Any CPU.Build.0 = Debug|Any CPU
		{B02F91F8-5836-1CEA-6BBA-5E3BF59356DB}.Release|Any CPU.ActiveCfg = Release|Any CPU
		{B02F91F8-5836-1CEA-6BBA-5E3BF59356DB}.Release|Any CPU.Build.0 = Release|Any CPU
		{A612E3B0-0887-E4A7-91CF-DE2E026B8549}.Debug|Any CPU.ActiveCfg = Debug|Any CPU
		{A612E3B0-0887-E4A7-91CF-DE2E026B8549}.Debug|Any CPU.Build.0 = Debug|Any CPU
		{A612E3B0-0887-E4A7-91CF-DE2E026B8549}.Release|Any CPU.ActiveCfg = Release|Any CPU
		{A612E3B0-0887-E4A7-91CF-DE2E026B8549}.Release|Any CPU.Build.0 = Release|Any CPU
		{EE606843-1BC6-BEAB-92F6-BC4EEFF0D402}.Debug|Any CPU.ActiveCfg = Debug|Any CPU
		{EE606843-1BC6-BEAB-92F6-BC4EEFF0D402}.Debug|Any CPU.Build.0 = Debug|Any CPU
		{EE606843-1BC6-BEAB-92F6-BC4EEFF0D402}.Release|Any CPU.ActiveCfg = Release|Any CPU
		{EE606843-1BC6-BEAB-92F6-BC4EEFF0D402}.Release|Any CPU.Build.0 = Release|Any CPU
		{2D1444CE-6FBC-5484-7956-C6746AE59AF7}.Debug|Any CPU.ActiveCfg = Debug|Any CPU
		{2D1444CE-6FBC-5484-7956-C6746AE59AF7}.Debug|Any CPU.Build.0 = Debug|Any CPU
		{2D1444CE-6FBC-5484-7956-C6746AE59AF7}.Release|Any CPU.ActiveCfg = Release|Any CPU
		{2D1444CE-6FBC-5484-7956-C6746AE59AF7}.Release|Any CPU.Build.0 = Release|Any CPU
		{FC13851D-269A-F6FC-C936-8F649D4C2AC4}.Debug|Any CPU.ActiveCfg = Debug|Any CPU
		{FC13851D-269A-F6FC-C936-8F649D4C2AC4}.Debug|Any CPU.Build.0 = Debug|Any CPU
		{FC13851D-269A-F6FC-C936-8F649D4C2AC4}.Release|Any CPU.ActiveCfg = Release|Any CPU
		{FC13851D-269A-F6FC-C936-8F649D4C2AC4}.Release|Any CPU.Build.0 = Release|Any CPU
		{13A73EF9-A928-7799-BEC7-93713FBA6A76}.Debug|Any CPU.ActiveCfg = Debug|Any CPU
		{13A73EF9-A928-7799-BEC7-93713FBA6A76}.Debug|Any CPU.Build.0 = Debug|Any CPU
		{13A73EF9-A928-7799-BEC7-93713FBA6A76}.Release|Any CPU.ActiveCfg = Release|Any CPU
		{13A73EF9-A928-7799-BEC7-93713FBA6A76}.Release|Any CPU.Build.0 = Release|Any CPU
		{26B3FD3A-96BA-56B9-02D9-77DBFBA2C83D}.Debug|Any CPU.ActiveCfg = Debug|Any CPU
		{26B3FD3A-96BA-56B9-02D9-77DBFBA2C83D}.Debug|Any CPU.Build.0 = Debug|Any CPU
		{26B3FD3A-96BA-56B9-02D9-77DBFBA2C83D}.Release|Any CPU.ActiveCfg = Release|Any CPU
		{26B3FD3A-96BA-56B9-02D9-77DBFBA2C83D}.Release|Any CPU.Build.0 = Release|Any CPU
		{E1557587-D5B3-8CF0-B713-2D32EFBC7504}.Debug|Any CPU.ActiveCfg = Debug|Any CPU
		{E1557587-D5B3-8CF0-B713-2D32EFBC7504}.Debug|Any CPU.Build.0 = Debug|Any CPU
		{E1557587-D5B3-8CF0-B713-2D32EFBC7504}.Release|Any CPU.ActiveCfg = Release|Any CPU
		{E1557587-D5B3-8CF0-B713-2D32EFBC7504}.Release|Any CPU.Build.0 = Release|Any CPU
		{8BE158DC-B84B-10DA-4C87-3AF14844988E}.Debug|Any CPU.ActiveCfg = Debug|Any CPU
		{8BE158DC-B84B-10DA-4C87-3AF14844988E}.Debug|Any CPU.Build.0 = Debug|Any CPU
		{8BE158DC-B84B-10DA-4C87-3AF14844988E}.Release|Any CPU.ActiveCfg = Release|Any CPU
		{8BE158DC-B84B-10DA-4C87-3AF14844988E}.Release|Any CPU.Build.0 = Release|Any CPU
		{54D23599-3640-52ED-85C5-7AF5AB216585}.Debug|Any CPU.ActiveCfg = Debug|Any CPU
		{54D23599-3640-52ED-85C5-7AF5AB216585}.Debug|Any CPU.Build.0 = Debug|Any CPU
		{54D23599-3640-52ED-85C5-7AF5AB216585}.Release|Any CPU.ActiveCfg = Release|Any CPU
		{54D23599-3640-52ED-85C5-7AF5AB216585}.Release|Any CPU.Build.0 = Release|Any CPU
		{F5FB3ACD-BF3E-3854-68BE-C87E4405BD65}.Debug|Any CPU.ActiveCfg = Debug|Any CPU
		{F5FB3ACD-BF3E-3854-68BE-C87E4405BD65}.Debug|Any CPU.Build.0 = Debug|Any CPU
		{F5FB3ACD-BF3E-3854-68BE-C87E4405BD65}.Release|Any CPU.ActiveCfg = Release|Any CPU
		{F5FB3ACD-BF3E-3854-68BE-C87E4405BD65}.Release|Any CPU.Build.0 = Release|Any CPU
		{4E966FF4-0654-CD77-3F9C-7FED458E9874}.Debug|Any CPU.ActiveCfg = Debug|Any CPU
		{4E966FF4-0654-CD77-3F9C-7FED458E9874}.Debug|Any CPU.Build.0 = Debug|Any CPU
		{4E966FF4-0654-CD77-3F9C-7FED458E9874}.Release|Any CPU.ActiveCfg = Release|Any CPU
		{4E966FF4-0654-CD77-3F9C-7FED458E9874}.Release|Any CPU.Build.0 = Release|Any CPU
		{3D4BDBE6-B4CB-3A12-3C2B-4D4FA3974465}.Debug|Any CPU.ActiveCfg = Debug|Any CPU
		{3D4BDBE6-B4CB-3A12-3C2B-4D4FA3974465}.Debug|Any CPU.Build.0 = Debug|Any CPU
		{3D4BDBE6-B4CB-3A12-3C2B-4D4FA3974465}.Release|Any CPU.ActiveCfg = Release|Any CPU
		{3D4BDBE6-B4CB-3A12-3C2B-4D4FA3974465}.Release|Any CPU.Build.0 = Release|Any CPU
		{13455994-2E54-90B3-EF5B-2FEB2DAD34BB}.Debug|Any CPU.ActiveCfg = Debug|Any CPU
		{13455994-2E54-90B3-EF5B-2FEB2DAD34BB}.Debug|Any CPU.Build.0 = Debug|Any CPU
		{13455994-2E54-90B3-EF5B-2FEB2DAD34BB}.Release|Any CPU.ActiveCfg = Release|Any CPU
		{13455994-2E54-90B3-EF5B-2FEB2DAD34BB}.Release|Any CPU.Build.0 = Release|Any CPU
		{B1FAFFDF-5718-9424-148D-1F039DA730C5}.Debug|Any CPU.ActiveCfg = Debug|Any CPU
		{B1FAFFDF-5718-9424-148D-1F039DA730C5}.Debug|Any CPU.Build.0 = Debug|Any CPU
		{B1FAFFDF-5718-9424-148D-1F039DA730C5}.Release|Any CPU.ActiveCfg = Release|Any CPU
		{B1FAFFDF-5718-9424-148D-1F039DA730C5}.Release|Any CPU.Build.0 = Release|Any CPU
		{7654E5A0-A95E-C888-B454-7F0FBB5F8E00}.Debug|Any CPU.ActiveCfg = Debug|Any CPU
		{7654E5A0-A95E-C888-B454-7F0FBB5F8E00}.Debug|Any CPU.Build.0 = Debug|Any CPU
		{7654E5A0-A95E-C888-B454-7F0FBB5F8E00}.Release|Any CPU.ActiveCfg = Release|Any CPU
		{7654E5A0-A95E-C888-B454-7F0FBB5F8E00}.Release|Any CPU.Build.0 = Release|Any CPU
		{A92F48D8-1E97-04FA-295C-C3789ED0603E}.Debug|Any CPU.ActiveCfg = Debug|Any CPU
		{A92F48D8-1E97-04FA-295C-C3789ED0603E}.Debug|Any CPU.Build.0 = Debug|Any CPU
		{A92F48D8-1E97-04FA-295C-C3789ED0603E}.Release|Any CPU.ActiveCfg = Release|Any CPU
		{A92F48D8-1E97-04FA-295C-C3789ED0603E}.Release|Any CPU.Build.0 = Release|Any CPU
		{132377CE-35CE-D0CC-36DC-ED765A89102A}.Debug|Any CPU.ActiveCfg = Debug|Any CPU
		{132377CE-35CE-D0CC-36DC-ED765A89102A}.Debug|Any CPU.Build.0 = Debug|Any CPU
		{132377CE-35CE-D0CC-36DC-ED765A89102A}.Release|Any CPU.ActiveCfg = Release|Any CPU
		{132377CE-35CE-D0CC-36DC-ED765A89102A}.Release|Any CPU.Build.0 = Release|Any CPU
		{EC79E165-3D73-C0E1-DAE5-A56946DB8CC5}.Debug|Any CPU.ActiveCfg = Debug|Any CPU
		{EC79E165-3D73-C0E1-DAE5-A56946DB8CC5}.Debug|Any CPU.Build.0 = Debug|Any CPU
		{EC79E165-3D73-C0E1-DAE5-A56946DB8CC5}.Release|Any CPU.ActiveCfg = Release|Any CPU
		{EC79E165-3D73-C0E1-DAE5-A56946DB8CC5}.Release|Any CPU.Build.0 = Release|Any CPU
		{B09492AA-2025-7290-6C2C-70918DBA6A2B}.Debug|Any CPU.ActiveCfg = Debug|Any CPU
		{B09492AA-2025-7290-6C2C-70918DBA6A2B}.Debug|Any CPU.Build.0 = Debug|Any CPU
		{B09492AA-2025-7290-6C2C-70918DBA6A2B}.Release|Any CPU.ActiveCfg = Release|Any CPU
		{B09492AA-2025-7290-6C2C-70918DBA6A2B}.Release|Any CPU.Build.0 = Release|Any CPU
		{D3D7D0CA-A089-75EC-54C8-4BD9263DCBAE}.Debug|Any CPU.ActiveCfg = Debug|Any CPU
		{D3D7D0CA-A089-75EC-54C8-4BD9263DCBAE}.Debug|Any CPU.Build.0 = Debug|Any CPU
		{D3D7D0CA-A089-75EC-54C8-4BD9263DCBAE}.Release|Any CPU.ActiveCfg = Release|Any CPU
		{D3D7D0CA-A089-75EC-54C8-4BD9263DCBAE}.Release|Any CPU.Build.0 = Release|Any CPU
		{20535AB0-DBE0-EFCB-0914-809FFE650708}.Debug|Any CPU.ActiveCfg = Debug|Any CPU
		{20535AB0-DBE0-EFCB-0914-809FFE650708}.Debug|Any CPU.Build.0 = Debug|Any CPU
		{20535AB0-DBE0-EFCB-0914-809FFE650708}.Release|Any CPU.ActiveCfg = Release|Any CPU
		{20535AB0-DBE0-EFCB-0914-809FFE650708}.Release|Any CPU.Build.0 = Release|Any CPU
		{646CE5A4-C0BD-2C2B-CECF-3496055BEC33}.Debug|Any CPU.ActiveCfg = Debug|Any CPU
		{646CE5A4-C0BD-2C2B-CECF-3496055BEC33}.Debug|Any CPU.Build.0 = Debug|Any CPU
		{646CE5A4-C0BD-2C2B-CECF-3496055BEC33}.Release|Any CPU.ActiveCfg = Release|Any CPU
		{646CE5A4-C0BD-2C2B-CECF-3496055BEC33}.Release|Any CPU.Build.0 = Release|Any CPU
		{1EBE40F1-3AD8-2157-C630-6BD01CE60602}.Debug|Any CPU.ActiveCfg = Debug|Any CPU
		{1EBE40F1-3AD8-2157-C630-6BD01CE60602}.Debug|Any CPU.Build.0 = Debug|Any CPU
		{1EBE40F1-3AD8-2157-C630-6BD01CE60602}.Release|Any CPU.ActiveCfg = Release|Any CPU
		{1EBE40F1-3AD8-2157-C630-6BD01CE60602}.Release|Any CPU.Build.0 = Release|Any CPU
		{74E4A932-F3B6-1E38-4669-78106DBCD33C}.Debug|Any CPU.ActiveCfg = Debug|Any CPU
		{74E4A932-F3B6-1E38-4669-78106DBCD33C}.Debug|Any CPU.Build.0 = Debug|Any CPU
		{74E4A932-F3B6-1E38-4669-78106DBCD33C}.Release|Any CPU.ActiveCfg = Release|Any CPU
		{74E4A932-F3B6-1E38-4669-78106DBCD33C}.Release|Any CPU.Build.0 = Release|Any CPU
		{119814F4-C70E-D248-B17D-0268AE813776}.Debug|Any CPU.ActiveCfg = Debug|Any CPU
		{119814F4-C70E-D248-B17D-0268AE813776}.Debug|Any CPU.Build.0 = Debug|Any CPU
		{119814F4-C70E-D248-B17D-0268AE813776}.Release|Any CPU.ActiveCfg = Release|Any CPU
		{119814F4-C70E-D248-B17D-0268AE813776}.Release|Any CPU.Build.0 = Release|Any CPU
		{DE709ABD-C64D-CEB4-5F0A-7926382C9BB1}.Debug|Any CPU.ActiveCfg = Debug|Any CPU
		{DE709ABD-C64D-CEB4-5F0A-7926382C9BB1}.Debug|Any CPU.Build.0 = Debug|Any CPU
		{DE709ABD-C64D-CEB4-5F0A-7926382C9BB1}.Release|Any CPU.ActiveCfg = Release|Any CPU
		{DE709ABD-C64D-CEB4-5F0A-7926382C9BB1}.Release|Any CPU.Build.0 = Release|Any CPU
		{263F91F7-3E82-30E6-6EC4-6B153C8A50D7}.Debug|Any CPU.ActiveCfg = Debug|Any CPU
		{263F91F7-3E82-30E6-6EC4-6B153C8A50D7}.Debug|Any CPU.Build.0 = Debug|Any CPU
		{263F91F7-3E82-30E6-6EC4-6B153C8A50D7}.Release|Any CPU.ActiveCfg = Release|Any CPU
		{263F91F7-3E82-30E6-6EC4-6B153C8A50D7}.Release|Any CPU.Build.0 = Release|Any CPU
		{D50EE835-B2DC-EEA3-7F17-3661991C2AAD}.Debug|Any CPU.ActiveCfg = Debug|Any CPU
		{D50EE835-B2DC-EEA3-7F17-3661991C2AAD}.Debug|Any CPU.Build.0 = Debug|Any CPU
		{D50EE835-B2DC-EEA3-7F17-3661991C2AAD}.Release|Any CPU.ActiveCfg = Release|Any CPU
		{D50EE835-B2DC-EEA3-7F17-3661991C2AAD}.Release|Any CPU.Build.0 = Release|Any CPU
		{6CF42153-3BC9-389E-5259-D995092806FA}.Debug|Any CPU.ActiveCfg = Debug|Any CPU
		{6CF42153-3BC9-389E-5259-D995092806FA}.Debug|Any CPU.Build.0 = Debug|Any CPU
		{6CF42153-3BC9-389E-5259-D995092806FA}.Release|Any CPU.ActiveCfg = Release|Any CPU
		{6CF42153-3BC9-389E-5259-D995092806FA}.Release|Any CPU.Build.0 = Release|Any CPU
		{B7316446-0418-6060-40C4-1F987705B642}.Debug|Any CPU.ActiveCfg = Debug|Any CPU
		{B7316446-0418-6060-40C4-1F987705B642}.Debug|Any CPU.Build.0 = Debug|Any CPU
		{B7316446-0418-6060-40C4-1F987705B642}.Release|Any CPU.ActiveCfg = Release|Any CPU
		{B7316446-0418-6060-40C4-1F987705B642}.Release|Any CPU.Build.0 = Release|Any CPU
		{57DA316E-4074-7D20-0444-A80670CE2D60}.Debug|Any CPU.ActiveCfg = Debug|Any CPU
		{57DA316E-4074-7D20-0444-A80670CE2D60}.Debug|Any CPU.Build.0 = Debug|Any CPU
		{57DA316E-4074-7D20-0444-A80670CE2D60}.Release|Any CPU.ActiveCfg = Release|Any CPU
		{57DA316E-4074-7D20-0444-A80670CE2D60}.Release|Any CPU.Build.0 = Release|Any CPU
		{B0CEA3AD-5BF4-81AC-4986-2FB371847576}.Debug|Any CPU.ActiveCfg = Debug|Any CPU
		{B0CEA3AD-5BF4-81AC-4986-2FB371847576}.Debug|Any CPU.Build.0 = Debug|Any CPU
		{B0CEA3AD-5BF4-81AC-4986-2FB371847576}.Release|Any CPU.ActiveCfg = Release|Any CPU
		{B0CEA3AD-5BF4-81AC-4986-2FB371847576}.Release|Any CPU.Build.0 = Release|Any CPU
		{2CFA80A5-8746-70B0-F1B4-319A7B1AE911}.Debug|Any CPU.ActiveCfg = Debug|Any CPU
		{2CFA80A5-8746-70B0-F1B4-319A7B1AE911}.Debug|Any CPU.Build.0 = Debug|Any CPU
		{2CFA80A5-8746-70B0-F1B4-319A7B1AE911}.Release|Any CPU.ActiveCfg = Release|Any CPU
		{2CFA80A5-8746-70B0-F1B4-319A7B1AE911}.Release|Any CPU.Build.0 = Release|Any CPU
		{90F688D5-9E47-380B-CC56-D187F012DA53}.Debug|Any CPU.ActiveCfg = Debug|Any CPU
		{90F688D5-9E47-380B-CC56-D187F012DA53}.Debug|Any CPU.Build.0 = Debug|Any CPU
		{90F688D5-9E47-380B-CC56-D187F012DA53}.Release|Any CPU.ActiveCfg = Release|Any CPU
		{90F688D5-9E47-380B-CC56-D187F012DA53}.Release|Any CPU.Build.0 = Release|Any CPU
		{7DF4C40E-D274-D36C-EE5A-1A4D178C8A26}.Debug|Any CPU.ActiveCfg = Debug|Any CPU
		{7DF4C40E-D274-D36C-EE5A-1A4D178C8A26}.Debug|Any CPU.Build.0 = Debug|Any CPU
		{7DF4C40E-D274-D36C-EE5A-1A4D178C8A26}.Release|Any CPU.ActiveCfg = Release|Any CPU
		{7DF4C40E-D274-D36C-EE5A-1A4D178C8A26}.Release|Any CPU.Build.0 = Release|Any CPU
		{3436F86E-AEA2-5666-0000-0B1012FF17BB}.Debug|Any CPU.ActiveCfg = Debug|Any CPU
		{3436F86E-AEA2-5666-0000-0B1012FF17BB}.Debug|Any CPU.Build.0 = Debug|Any CPU
		{3436F86E-AEA2-5666-0000-0B1012FF17BB}.Release|Any CPU.ActiveCfg = Release|Any CPU
		{3436F86E-AEA2-5666-0000-0B1012FF17BB}.Release|Any CPU.Build.0 = Release|Any CPU
		{8BF0FA59-9404-6B69-15EE-C3781A7E8D31}.Debug|Any CPU.ActiveCfg = Debug|Any CPU
		{8BF0FA59-9404-6B69-15EE-C3781A7E8D31}.Debug|Any CPU.Build.0 = Debug|Any CPU
		{8BF0FA59-9404-6B69-15EE-C3781A7E8D31}.Release|Any CPU.ActiveCfg = Release|Any CPU
		{8BF0FA59-9404-6B69-15EE-C3781A7E8D31}.Release|Any CPU.Build.0 = Release|Any CPU
		{14F93185-256C-C7DD-8C82-4D78E82CE5A6}.Debug|Any CPU.ActiveCfg = Debug|Any CPU
		{14F93185-256C-C7DD-8C82-4D78E82CE5A6}.Debug|Any CPU.Build.0 = Debug|Any CPU
		{14F93185-256C-C7DD-8C82-4D78E82CE5A6}.Release|Any CPU.ActiveCfg = Release|Any CPU
		{14F93185-256C-C7DD-8C82-4D78E82CE5A6}.Release|Any CPU.Build.0 = Release|Any CPU
		{B0E2B79F-588F-839B-C955-CB397A09E885}.Debug|Any CPU.ActiveCfg = Debug|Any CPU
		{B0E2B79F-588F-839B-C955-CB397A09E885}.Debug|Any CPU.Build.0 = Debug|Any CPU
		{B0E2B79F-588F-839B-C955-CB397A09E885}.Release|Any CPU.ActiveCfg = Release|Any CPU
		{B0E2B79F-588F-839B-C955-CB397A09E885}.Release|Any CPU.Build.0 = Release|Any CPU
		{4F8FD509-0615-8C7C-B662-F85B29F53FCD}.Debug|Any CPU.ActiveCfg = Debug|Any CPU
		{4F8FD509-0615-8C7C-B662-F85B29F53FCD}.Debug|Any CPU.Build.0 = Debug|Any CPU
		{4F8FD509-0615-8C7C-B662-F85B29F53FCD}.Release|Any CPU.ActiveCfg = Release|Any CPU
		{4F8FD509-0615-8C7C-B662-F85B29F53FCD}.Release|Any CPU.Build.0 = Release|Any CPU
		{6CB7497D-6854-A7F7-A4B8-1A7331562C58}.Debug|Any CPU.ActiveCfg = Debug|Any CPU
		{6CB7497D-6854-A7F7-A4B8-1A7331562C58}.Debug|Any CPU.Build.0 = Debug|Any CPU
		{6CB7497D-6854-A7F7-A4B8-1A7331562C58}.Release|Any CPU.ActiveCfg = Release|Any CPU
		{6CB7497D-6854-A7F7-A4B8-1A7331562C58}.Release|Any CPU.Build.0 = Release|Any CPU
		{81BAF42C-B28B-2DAF-7743-4AA20FB4C879}.Debug|Any CPU.ActiveCfg = Debug|Any CPU
		{81BAF42C-B28B-2DAF-7743-4AA20FB4C879}.Debug|Any CPU.Build.0 = Debug|Any CPU
		{81BAF42C-B28B-2DAF-7743-4AA20FB4C879}.Release|Any CPU.ActiveCfg = Release|Any CPU
		{81BAF42C-B28B-2DAF-7743-4AA20FB4C879}.Release|Any CPU.Build.0 = Release|Any CPU
		{764F489A-B6C1-25F0-70C1-596AF1B60E1A}.Debug|Any CPU.ActiveCfg = Debug|Any CPU
		{764F489A-B6C1-25F0-70C1-596AF1B60E1A}.Debug|Any CPU.Build.0 = Debug|Any CPU
		{764F489A-B6C1-25F0-70C1-596AF1B60E1A}.Release|Any CPU.ActiveCfg = Release|Any CPU
		{764F489A-B6C1-25F0-70C1-596AF1B60E1A}.Release|Any CPU.Build.0 = Release|Any CPU
		{BE760B5A-9F43-5086-2E27-765E0C974F2B}.Debug|Any CPU.ActiveCfg = Debug|Any CPU
		{BE760B5A-9F43-5086-2E27-765E0C974F2B}.Debug|Any CPU.Build.0 = Debug|Any CPU
		{BE760B5A-9F43-5086-2E27-765E0C974F2B}.Release|Any CPU.ActiveCfg = Release|Any CPU
		{BE760B5A-9F43-5086-2E27-765E0C974F2B}.Release|Any CPU.Build.0 = Release|Any CPU
		{194CD0EB-0369-7E71-41F7-E7D883C56FA2}.Debug|Any CPU.ActiveCfg = Debug|Any CPU
		{194CD0EB-0369-7E71-41F7-E7D883C56FA2}.Debug|Any CPU.Build.0 = Debug|Any CPU
		{194CD0EB-0369-7E71-41F7-E7D883C56FA2}.Release|Any CPU.ActiveCfg = Release|Any CPU
		{194CD0EB-0369-7E71-41F7-E7D883C56FA2}.Release|Any CPU.Build.0 = Release|Any CPU
		{F4D9E905-79EB-BBE6-C5EF-6F1A3AF056F0}.Debug|Any CPU.ActiveCfg = Debug|Any CPU
		{F4D9E905-79EB-BBE6-C5EF-6F1A3AF056F0}.Debug|Any CPU.Build.0 = Debug|Any CPU
		{F4D9E905-79EB-BBE6-C5EF-6F1A3AF056F0}.Release|Any CPU.ActiveCfg = Release|Any CPU
		{F4D9E905-79EB-BBE6-C5EF-6F1A3AF056F0}.Release|Any CPU.Build.0 = Release|Any CPU
		{448A203B-591F-025D-B277-16CA0C4BCDD9}.Debug|Any CPU.ActiveCfg = Debug|Any CPU
		{448A203B-591F-025D-B277-16CA0C4BCDD9}.Debug|Any CPU.Build.0 = Debug|Any CPU
		{448A203B-591F-025D-B277-16CA0C4BCDD9}.Release|Any CPU.ActiveCfg = Release|Any CPU
		{448A203B-591F-025D-B277-16CA0C4BCDD9}.Release|Any CPU.Build.0 = Release|Any CPU
		{BB37AEA6-A58E-CC4C-D34F-7CB316C62052}.Debug|Any CPU.ActiveCfg = Debug|Any CPU
		{BB37AEA6-A58E-CC4C-D34F-7CB316C62052}.Debug|Any CPU.Build.0 = Debug|Any CPU
		{BB37AEA6-A58E-CC4C-D34F-7CB316C62052}.Release|Any CPU.ActiveCfg = Release|Any CPU
		{BB37AEA6-A58E-CC4C-D34F-7CB316C62052}.Release|Any CPU.Build.0 = Release|Any CPU
		{F5C81892-91CC-92E6-EC3E-24DD4CF34C7F}.Debug|Any CPU.ActiveCfg = Debug|Any CPU
		{F5C81892-91CC-92E6-EC3E-24DD4CF34C7F}.Debug|Any CPU.Build.0 = Debug|Any CPU
		{F5C81892-91CC-92E6-EC3E-24DD4CF34C7F}.Release|Any CPU.ActiveCfg = Release|Any CPU
		{F5C81892-91CC-92E6-EC3E-24DD4CF34C7F}.Release|Any CPU.Build.0 = Release|Any CPU
		{4D31ACFB-27A1-9037-7776-C6E85837FCBB}.Debug|Any CPU.ActiveCfg = Debug|Any CPU
		{4D31ACFB-27A1-9037-7776-C6E85837FCBB}.Debug|Any CPU.Build.0 = Debug|Any CPU
		{4D31ACFB-27A1-9037-7776-C6E85837FCBB}.Release|Any CPU.ActiveCfg = Release|Any CPU
		{4D31ACFB-27A1-9037-7776-C6E85837FCBB}.Release|Any CPU.Build.0 = Release|Any CPU
		{593AE849-12D0-74B8-3AF3-48B9771B6F44}.Debug|Any CPU.ActiveCfg = Debug|Any CPU
		{593AE849-12D0-74B8-3AF3-48B9771B6F44}.Debug|Any CPU.Build.0 = Debug|Any CPU
		{593AE849-12D0-74B8-3AF3-48B9771B6F44}.Release|Any CPU.ActiveCfg = Release|Any CPU
		{593AE849-12D0-74B8-3AF3-48B9771B6F44}.Release|Any CPU.Build.0 = Release|Any CPU
		{EFF59558-29E3-D21B-142E-20D0CE558467}.Debug|Any CPU.ActiveCfg = Debug|Any CPU
		{EFF59558-29E3-D21B-142E-20D0CE558467}.Debug|Any CPU.Build.0 = Debug|Any CPU
		{EFF59558-29E3-D21B-142E-20D0CE558467}.Release|Any CPU.ActiveCfg = Release|Any CPU
		{EFF59558-29E3-D21B-142E-20D0CE558467}.Release|Any CPU.Build.0 = Release|Any CPU
		{A0C8FCBF-2D5C-27CD-7F57-805A498B7CC1}.Debug|Any CPU.ActiveCfg = Debug|Any CPU
		{A0C8FCBF-2D5C-27CD-7F57-805A498B7CC1}.Debug|Any CPU.Build.0 = Debug|Any CPU
		{A0C8FCBF-2D5C-27CD-7F57-805A498B7CC1}.Release|Any CPU.ActiveCfg = Release|Any CPU
		{A0C8FCBF-2D5C-27CD-7F57-805A498B7CC1}.Release|Any CPU.Build.0 = Release|Any CPU
		{F4ACCADF-D7F2-D1C5-D99E-3BFADCD1BC2B}.Debug|Any CPU.ActiveCfg = Debug|Any CPU
		{F4ACCADF-D7F2-D1C5-D99E-3BFADCD1BC2B}.Debug|Any CPU.Build.0 = Debug|Any CPU
		{F4ACCADF-D7F2-D1C5-D99E-3BFADCD1BC2B}.Release|Any CPU.ActiveCfg = Release|Any CPU
		{F4ACCADF-D7F2-D1C5-D99E-3BFADCD1BC2B}.Release|Any CPU.Build.0 = Release|Any CPU
		{660199C2-3C76-6DF9-8E00-955E738D7B99}.Debug|Any CPU.ActiveCfg = Debug|Any CPU
		{660199C2-3C76-6DF9-8E00-955E738D7B99}.Debug|Any CPU.Build.0 = Debug|Any CPU
		{660199C2-3C76-6DF9-8E00-955E738D7B99}.Release|Any CPU.ActiveCfg = Release|Any CPU
		{660199C2-3C76-6DF9-8E00-955E738D7B99}.Release|Any CPU.Build.0 = Release|Any CPU
		{CBACD5A5-DB3B-94DA-D537-601D6655EB92}.Debug|Any CPU.ActiveCfg = Debug|Any CPU
		{CBACD5A5-DB3B-94DA-D537-601D6655EB92}.Debug|Any CPU.Build.0 = Debug|Any CPU
		{CBACD5A5-DB3B-94DA-D537-601D6655EB92}.Release|Any CPU.ActiveCfg = Release|Any CPU
		{CBACD5A5-DB3B-94DA-D537-601D6655EB92}.Release|Any CPU.Build.0 = Release|Any CPU
		{E210F451-C450-C845-6B1D-BBD33F87416C}.Debug|Any CPU.ActiveCfg = Debug|Any CPU
		{E210F451-C450-C845-6B1D-BBD33F87416C}.Debug|Any CPU.Build.0 = Debug|Any CPU
		{E210F451-C450-C845-6B1D-BBD33F87416C}.Release|Any CPU.ActiveCfg = Release|Any CPU
		{E210F451-C450-C845-6B1D-BBD33F87416C}.Release|Any CPU.Build.0 = Release|Any CPU
		{7298AB71-9025-457D-3E86-132D0D0FF676}.Debug|Any CPU.ActiveCfg = Debug|Any CPU
		{7298AB71-9025-457D-3E86-132D0D0FF676}.Debug|Any CPU.Build.0 = Debug|Any CPU
		{7298AB71-9025-457D-3E86-132D0D0FF676}.Release|Any CPU.ActiveCfg = Release|Any CPU
		{7298AB71-9025-457D-3E86-132D0D0FF676}.Release|Any CPU.Build.0 = Release|Any CPU
		{9693D61F-CADB-10CA-9E03-A75B546F6C29}.Debug|Any CPU.ActiveCfg = Debug|Any CPU
		{9693D61F-CADB-10CA-9E03-A75B546F6C29}.Debug|Any CPU.Build.0 = Debug|Any CPU
		{9693D61F-CADB-10CA-9E03-A75B546F6C29}.Release|Any CPU.ActiveCfg = Release|Any CPU
		{9693D61F-CADB-10CA-9E03-A75B546F6C29}.Release|Any CPU.Build.0 = Release|Any CPU
		{8E46AD57-53B1-A929-5A69-96569DE72424}.Debug|Any CPU.ActiveCfg = Debug|Any CPU
		{8E46AD57-53B1-A929-5A69-96569DE72424}.Debug|Any CPU.Build.0 = Debug|Any CPU
		{8E46AD57-53B1-A929-5A69-96569DE72424}.Release|Any CPU.ActiveCfg = Release|Any CPU
		{8E46AD57-53B1-A929-5A69-96569DE72424}.Release|Any CPU.Build.0 = Release|Any CPU
		{C5664852-BB4A-1E26-D9F3-4B82A6C6975E}.Debug|Any CPU.ActiveCfg = Debug|Any CPU
		{C5664852-BB4A-1E26-D9F3-4B82A6C6975E}.Debug|Any CPU.Build.0 = Debug|Any CPU
		{C5664852-BB4A-1E26-D9F3-4B82A6C6975E}.Release|Any CPU.ActiveCfg = Release|Any CPU
		{C5664852-BB4A-1E26-D9F3-4B82A6C6975E}.Release|Any CPU.Build.0 = Release|Any CPU
		{1B2C68F6-203D-2470-9DA3-D8404D718775}.Debug|Any CPU.ActiveCfg = Debug|Any CPU
		{1B2C68F6-203D-2470-9DA3-D8404D718775}.Debug|Any CPU.Build.0 = Debug|Any CPU
		{1B2C68F6-203D-2470-9DA3-D8404D718775}.Release|Any CPU.ActiveCfg = Release|Any CPU
		{1B2C68F6-203D-2470-9DA3-D8404D718775}.Release|Any CPU.Build.0 = Release|Any CPU
		{4D42D5B6-A193-E8FA-6949-949010B0D856}.Debug|Any CPU.ActiveCfg = Debug|Any CPU
		{4D42D5B6-A193-E8FA-6949-949010B0D856}.Debug|Any CPU.Build.0 = Debug|Any CPU
		{4D42D5B6-A193-E8FA-6949-949010B0D856}.Release|Any CPU.ActiveCfg = Release|Any CPU
		{4D42D5B6-A193-E8FA-6949-949010B0D856}.Release|Any CPU.Build.0 = Release|Any CPU
		{2FB5DAFB-F587-FDF4-AB7F-4A90BCDEEDD5}.Debug|Any CPU.ActiveCfg = Debug|Any CPU
		{2FB5DAFB-F587-FDF4-AB7F-4A90BCDEEDD5}.Debug|Any CPU.Build.0 = Debug|Any CPU
		{2FB5DAFB-F587-FDF4-AB7F-4A90BCDEEDD5}.Release|Any CPU.ActiveCfg = Release|Any CPU
		{2FB5DAFB-F587-FDF4-AB7F-4A90BCDEEDD5}.Release|Any CPU.Build.0 = Release|Any CPU
		{5E900EFF-3F23-345D-6CF6-F705DDE63111}.Debug|Any CPU.ActiveCfg = Debug|Any CPU
		{5E900EFF-3F23-345D-6CF6-F705DDE63111}.Debug|Any CPU.Build.0 = Debug|Any CPU
		{5E900EFF-3F23-345D-6CF6-F705DDE63111}.Release|Any CPU.ActiveCfg = Release|Any CPU
		{5E900EFF-3F23-345D-6CF6-F705DDE63111}.Release|Any CPU.Build.0 = Release|Any CPU
		{5E21205B-D06B-0C97-A7E4-8F7B3EE6FE44}.Debug|Any CPU.ActiveCfg = Debug|Any CPU
		{5E21205B-D06B-0C97-A7E4-8F7B3EE6FE44}.Debug|Any CPU.Build.0 = Debug|Any CPU
		{5E21205B-D06B-0C97-A7E4-8F7B3EE6FE44}.Release|Any CPU.ActiveCfg = Release|Any CPU
		{5E21205B-D06B-0C97-A7E4-8F7B3EE6FE44}.Release|Any CPU.Build.0 = Release|Any CPU
		{AF6647FB-67A7-FA8D-F672-79EFD373FA41}.Debug|Any CPU.ActiveCfg = Debug|Any CPU
		{AF6647FB-67A7-FA8D-F672-79EFD373FA41}.Debug|Any CPU.Build.0 = Debug|Any CPU
		{AF6647FB-67A7-FA8D-F672-79EFD373FA41}.Release|Any CPU.ActiveCfg = Release|Any CPU
		{AF6647FB-67A7-FA8D-F672-79EFD373FA41}.Release|Any CPU.Build.0 = Release|Any CPU
	EndGlobalSection
	GlobalSection(SolutionProperties) = preSolution
		HideSolutionNode = FALSE
	EndGlobalSection
EndGlobal
